
Microsoft Visual Studio Solution File, Format Version 12.00
# Visual Studio Version 17
VisualStudioVersion = 17.5.33502.453
MinimumVisualStudioVersion = 10.0.40219.1
Project("{FAE04EC0-301F-11D3-BF4B-00C04F79EFBC}") = "rendelesek", "rendelesek\rendelesek.csproj", "{B72EA7E2-346F-48CE-A0B7-AF0907E94983}"
EndProject
Global
	GlobalSection(SolutionConfigurationPlatforms) = preSolution
		Debug|Any CPU = Debug|Any CPU
		Release|Any CPU = Release|Any CPU
	EndGlobalSection
	GlobalSection(ProjectConfigurationPlatforms) = postSolution
		{B72EA7E2-346F-48CE-A0B7-AF0907E94983}.Debug|Any CPU.ActiveCfg = Debug|Any CPU
		{B72EA7E2-346F-48CE-A0B7-AF0907E94983}.Debug|Any CPU.Build.0 = Debug|Any CPU
		{B72EA7E2-346F-48CE-A0B7-AF0907E94983}.Release|Any CPU.ActiveCfg = Release|Any CPU
		{B72EA7E2-346F-48CE-A0B7-AF0907E94983}.Release|Any CPU.Build.0 = Release|Any CPU
	EndGlobalSection
	GlobalSection(SolutionProperties) = preSolution
		HideSolutionNode = FALSE
	EndGlobalSection
	GlobalSection(ExtensibilityGlobals) = postSolution
		SolutionGuid = {55E9EC4F-2F24-46B8-9CE2-509E4EFFFA7F}
	EndGlobalSection
EndGlobal
